
Microsoft Visual Studio Solution File, Format Version 12.00
# Visual Studio Version 17
VisualStudioVersion = 17.9.34701.34
MinimumVisualStudioVersion = 10.0.40219.1
Project("{FAE04EC0-301F-11D3-BF4B-00C04F79EFBC}") = "2_1056_HODOROAGA_IONUT", "2_1056_HODOROAGA_IONUT.csproj", "{D9FEE085-A7A0-41C6-B188-889FB84114F6}"
EndProject
Global
	GlobalSection(SolutionConfigurationPlatforms) = preSolution
		Debug|Any CPU = Debug|Any CPU
		Release|Any CPU = Release|Any CPU
	EndGlobalSection
	GlobalSection(ProjectConfigurationPlatforms) = postSolution
		{D9FEE085-A7A0-41C6-B188-889FB84114F6}.Debug|Any CPU.ActiveCfg = Debug|Any CPU
		{D9FEE085-A7A0-41C6-B188-889FB84114F6}.Debug|Any CPU.Build.0 = Debug|Any CPU
		{D9FEE085-A7A0-41C6-B188-889FB84114F6}.Release|Any CPU.ActiveCfg = Release|Any CPU
		{D9FEE085-A7A0-41C6-B188-889FB84114F6}.Release|Any CPU.Build.0 = Release|Any CPU
	EndGlobalSection
	GlobalSection(SolutionProperties) = preSolution
		HideSolutionNode = FALSE
	EndGlobalSection
	GlobalSection(ExtensibilityGlobals) = postSolution
		SolutionGuid = {07A62088-260C-4949-BB2E-37226FE722F1}
	EndGlobalSection
EndGlobal
